# @generated by Move, please check-in and do not edit manually.

[move]
version = 3
manifest_digest = "3533435617B1B7F607DCCE4BC2E76EFCF509B1B6876597BF43613A998E107FE4"
deps_digest = "F8BBB0CCB2491CA29A3DF03D6F92277A4F3574266507ACD77214D37ECA3F3082"
dependencies = [
  { id = "Sui", name = "Sui" },
]

[[move.package]]
id = "MoveStdlib"
source = { git = "https://github.com/MystenLabs/sui.git", rev = "framework/testnet", subdir = "crates/sui-framework/packages/move-stdlib" }

[[move.package]]
id = "Sui"
source = { git = "https://github.com/MystenLabs/sui.git", rev = "framework/testnet", subdir = "crates/sui-framework/packages/sui-framework" }

dependencies = [
  { id = "MoveStdlib", name = "MoveStdlib" },
]

[move.toolchain-version]
compiler-version = "1.43.1"
edition = "2024.beta"
flavor = "sui"

[env]

[env.testnet]
chain-id = "4c78adac"
original-published-id = "0x00d5fb04c99ec12aa9c987916f3950568f7c81e09320c817f1b7c27694edf43e"
latest-published-id = "0x00d5fb04c99ec12aa9c987916f3950568f7c81e09320c817f1b7c27694edf43e"
published-version = "1"
